// !$*UTF8*$!
{
	archiveVersion = 1;
	classes = {
	};
	objectVersion = 46;
	objects = {

/* Begin PBXBuildFile section */
		5C47BA631BD2D4FC0022FFD8 /* AppDelegate.swift in Sources */ = {isa = PBXBuildFile; fileRef = 5C47BA621BD2D4FC0022FFD8 /* AppDelegate.swift */; };
		5C47BA651BD2D4FC0022FFD8 /* ViewController.swift in Sources */ = {isa = PBXBuildFile; fileRef = 5C47BA641BD2D4FC0022FFD8 /* ViewController.swift */; };
		5C47BA681BD2D4FC0022FFD8 /* Main.storyboard in Resources */ = {isa = PBXBuildFile; fileRef = 5C47BA661BD2D4FC0022FFD8 /* Main.storyboard */; };
		5C47BA6A1BD2D4FC0022FFD8 /* Images.xcassets in Resources */ = {isa = PBXBuildFile; fileRef = 5C47BA691BD2D4FC0022FFD8 /* Images.xcassets */; };
		5C47BA6D1BD2D4FC0022FFD8 /* LaunchScreen.xib in Resources */ = {isa = PBXBuildFile; fileRef = 5C47BA6B1BD2D4FC0022FFD8 /* LaunchScreen.xib */; };
		5C47BA791BD2D4FD0022FFD8 /* WRUTests.swift in Sources */ = {isa = PBXBuildFile; fileRef = 5C47BA781BD2D4FD0022FFD8 /* WRUTests.swift */; };
/* End PBXBuildFile section */

/* Begin PBXContainerItemProxy section */
		5C47BA731BD2D4FD0022FFD8 /* PBXContainerItemProxy */ = {
			isa = PBXContainerItemProxy;
			containerPortal = 5C47BA551BD2D4FC0022FFD8 /* Project object */;
			proxyType = 1;
			remoteGlobalIDString = 5C47BA5C1BD2D4FC0022FFD8;
			remoteInfo = WRU;
		};
/* End PBXContainerItemProxy section */

/* Begin PBXFileReference section */
		5C47BA5D1BD2D4FC0022FFD8 /* WRU.app */ = {isa = PBXFileReference; explicitFileType = wrapper.application; includeInIndex = 0; path = WRU.app; sourceTree = BUILT_PRODUCTS_DIR; };
		5C47BA611BD2D4FC0022FFD8 /* Info.plist */ = {isa = PBXFileReference; lastKnownFileType = text.plist.xml; path = Info.plist; sourceTree = "<group>"; };
		5C47BA621BD2D4FC0022FFD8 /* AppDelegate.swift */ = {isa = PBXFileReference; lastKnownFileType = sourcecode.swift; path = AppDelegate.swift; sourceTree = "<group>"; };
		5C47BA641BD2D4FC0022FFD8 /* ViewController.swift */ = {isa = PBXFileReference; lastKnownFileType = sourcecode.swift; path = ViewController.swift; sourceTree = "<group>"; };
		5C47BA671BD2D4FC0022FFD8 /* Base */ = {isa = PBXFileReference; lastKnownFileType = file.storyboard; name = Base; path = Base.lproj/Main.storyboard; sourceTree = "<group>"; };
		5C47BA691BD2D4FC0022FFD8 /* Images.xcassets */ = {isa = PBXFileReference; lastKnownFileType = folder.assetcatalog; path = Images.xcassets; sourceTree = "<group>"; };
		5C47BA6C1BD2D4FC0022FFD8 /* Base */ = {isa = PBXFileReference; lastKnownFileType = file.xib; name = Base; path = Base.lproj/LaunchScreen.xib; sourceTree = "<group>"; };
		5C47BA721BD2D4FD0022FFD8 /* WRUTests.xctest */ = {isa = PBXFileReference; explicitFileType = wrapper.cfbundle; includeInIndex = 0; path = WRUTests.xctest; sourceTree = BUILT_PRODUCTS_DIR; };
		5C47BA771BD2D4FD0022FFD8 /* Info.plist */ = {isa = PBXFileReference; lastKnownFileType = text.plist.xml; path = Info.plist; sourceTree = "<group>"; };
		5C47BA781BD2D4FD0022FFD8 /* WRUTests.swift */ = {isa = PBXFileReference; lastKnownFileType = sourcecode.swift; path = WRUTests.swift; sourceTree = "<group>"; };
/* End PBXFileReference section */

/* Begin PBXFrameworksBuildPhase section */
		5C47BA5A1BD2D4FC0022FFD8 /* Frameworks */ = {
			isa = PBXFrameworksBuildPhase;
			buildActionMask = 2147483647;
			files = (
			);
			runOnlyForDeploymentPostprocessing = 0;
		};
		5C47BA6F1BD2D4FD0022FFD8 /* Frameworks */ = {
			isa = PBXFrameworksBuildPhase;
			buildActionMask = 2147483647;
			files = (
			);
			runOnlyForDeploymentPostprocessing = 0;
		};
/* End PBXFrameworksBuildPhase section */

/* Begin PBXGroup section */
		5C47BA541BD2D4FC0022FFD8 = {
			isa = PBXGroup;
			children = (
				5C47BA5F1BD2D4FC0022FFD8 /* WRU */,
				5C47BA751BD2D4FD0022FFD8 /* WRUTests */,
				5C47BA5E1BD2D4FC0022FFD8 /* Products */,
			);
			sourceTree = "<group>";
		};
		5C47BA5E1BD2D4FC0022FFD8 /* Products */ = {
			isa = PBXGroup;
			children = (
				5C47BA5D1BD2D4FC0022FFD8 /* WRU.app */,
				5C47BA721BD2D4FD0022FFD8 /* WRUTests.xctest */,
			);
			name = Products;
			sourceTree = "<group>";
		};
		5C47BA5F1BD2D4FC0022FFD8 /* WRU */ = {
			isa = PBXGroup;
			children = (
				5C47BA621BD2D4FC0022FFD8 /* AppDelegate.swift */,
				5C47BA641BD2D4FC0022FFD8 /* ViewController.swift */,
				5C47BA661BD2D4FC0022FFD8 /* Main.storyboard */,
				5C47BA691BD2D4FC0022FFD8 /* Images.xcassets */,
				5C47BA6B1BD2D4FC0022FFD8 /* LaunchScreen.xib */,
				5C47BA601BD2D4FC0022FFD8 /* Supporting Files */,
			);
			path = WRU;
			sourceTree = "<group>";
		};
		5C47BA601BD2D4FC0022FFD8 /* Supporting Files */ = {
			isa = PBXGroup;
			children = (
				5C47BA611BD2D4FC0022FFD8 /* Info.plist */,
			);
			name = "Supporting Files";
			sourceTree = "<group>";
		};
		5C47BA751BD2D4FD0022FFD8 /* WRUTests */ = {
			isa = PBXGroup;
			children = (
				5C47BA781BD2D4FD0022FFD8 /* WRUTests.swift */,
				5C47BA761BD2D4FD0022FFD8 /* Supporting Files */,
			);
			path = WRUTests;
			sourceTree = "<group>";
		};
		5C47BA761BD2D4FD0022FFD8 /* Supporting Files */ = {
			isa = PBXGroup;
			children = (
				5C47BA771BD2D4FD0022FFD8 /* Info.plist */,
			);
			name = "Supporting Files";
			sourceTree = "<group>";
		};
/* End PBXGroup section */

/* Begin PBXNativeTarget section */
		5C47BA5C1BD2D4FC0022FFD8 /* WRU */ = {
			isa = PBXNativeTarget;
			buildConfigurationList = 5C47BA7C1BD2D4FD0022FFD8 /* Build configuration list for PBXNativeTarget "WRU" */;
			buildPhases = (
				5C47BA591BD2D4FC0022FFD8 /* Sources */,
				5C47BA5A1BD2D4FC0022FFD8 /* Frameworks */,
				5C47BA5B1BD2D4FC0022FFD8 /* Resources */,
			);
			buildRules = (
			);
			dependencies = (
			);
			name = WRU;
			productName = WRU;
			productReference = 5C47BA5D1BD2D4FC0022FFD8 /* WRU.app */;
			productType = "com.apple.product-type.application";
		};
		5C47BA711BD2D4FD0022FFD8 /* WRUTests */ = {
			isa = PBXNativeTarget;
			buildConfigurationList = 5C47BA7F1BD2D4FD0022FFD8 /* Build configuration list for PBXNativeTarget "WRUTests" */;
			buildPhases = (
				5C47BA6E1BD2D4FD0022FFD8 /* Sources */,
				5C47BA6F1BD2D4FD0022FFD8 /* Frameworks */,
				5C47BA701BD2D4FD0022FFD8 /* Resources */,
			);
			buildRules = (
			);
			dependencies = (
				5C47BA741BD2D4FD0022FFD8 /* PBXTargetDependency */,
			);
			name = WRUTests;
			productName = WRUTests;
			productReference = 5C47BA721BD2D4FD0022FFD8 /* WRUTests.xctest */;
			productType = "com.apple.product-type.bundle.unit-test";
		};
/* End PBXNativeTarget section */

/* Begin PBXProject section */
		5C47BA551BD2D4FC0022FFD8 /* Project object */ = {
			isa = PBXProject;
			attributes = {
				LastUpgradeCheck = 0640;
				ORGANIZATIONNAME = "Siva Deva";
				TargetAttributes = {
					5C47BA5C1BD2D4FC0022FFD8 = {
						CreatedOnToolsVersion = 6.4;
					};
					5C47BA711BD2D4FD0022FFD8 = {
						CreatedOnToolsVersion = 6.4;
						TestTargetID = 5C47BA5C1BD2D4FC0022FFD8;
					};
				};
			};
			buildConfigurationList = 5C47BA581BD2D4FC0022FFD8 /* Build configuration list for PBXProject "WRU" */;
			compatibilityVersion = "Xcode 3.2";
			developmentRegion = English;
			hasScannedForEncodings = 0;
			knownRegions = (
				en,
				Base,
			);
			mainGroup = 5C47BA541BD2D4FC0022FFD8;
			productRefGroup = 5C47BA5E1BD2D4FC0022FFD8 /* Products */;
			projectDirPath = "";
			projectRoot = "";
			targets = (
				5C47BA5C1BD2D4FC0022FFD8 /* WRU */,
				5C47BA711BD2D4FD0022FFD8 /* WRUTests */,
			);
		};
/* End PBXProject section */

/* Begin PBXResourcesBuildPhase section */
		5C47BA5B1BD2D4FC0022FFD8 /* Resources */ = {
			isa = PBXResourcesBuildPhase;
			buildActionMask = 2147483647;
			files = (
				5C47BA681BD2D4FC0022FFD8 /* Main.storyboard in Resources */,
				5C47BA6D1BD2D4FC0022FFD8 /* LaunchScreen.xib in Resources */,
				5C47BA6A1BD2D4FC0022FFD8 /* Images.xcassets in Resources */,
			);
			runOnlyForDeploymentPostprocessing = 0;
		};
		5C47BA701BD2D4FD0022FFD8 /* Resources */ = {
			isa = PBXResourcesBuildPhase;
			buildActionMask = 2147483647;
			files = (
			);
			runOnlyForDeploymentPostprocessing = 0;
		};
/* End PBXResourcesBuildPhase section */

/* Begin PBXSourcesBuildPhase section */
		5C47BA591BD2D4FC0022FFD8 /* Sources */ = {
			isa = PBXSourcesBuildPhase;
			buildActionMask = 2147483647;
			files = (
				5C47BA651BD2D4FC0022FFD8 /* ViewController.swift in Sources */,
				5C47BA631BD2D4FC0022FFD8 /* AppDelegate.swift in Sources */,
			);
			runOnlyForDeploymentPostprocessing = 0;
		};
		5C47BA6E1BD2D4FD0022FFD8 /* Sources */ = {
			isa = PBXSourcesBuildPhase;
			buildActionMask = 2147483647;
			files = (
				5C47BA791BD2D4FD0022FFD8 /* WRUTests.swift in Sources */,
			);
			runOnlyForDeploymentPostprocessing = 0;
		};
/* End PBXSourcesBuildPhase section */

/* Begin PBXTargetDependency section */
		5C47BA741BD2D4FD0022FFD8 /* PBXTargetDependency */ = {
			isa = PBXTargetDependency;
			target = 5C47BA5C1BD2D4FC0022FFD8 /* WRU */;
			targetProxy = 5C47BA731BD2D4FD0022FFD8 /* PBXContainerItemProxy */;
		};
/* End PBXTargetDependency section */

/* Begin PBXVariantGroup section */
		5C47BA661BD2D4FC0022FFD8 /* Main.storyboard */ = {
			isa = PBXVariantGroup;
			children = (
				5C47BA671BD2D4FC0022FFD8 /* Base */,
			);
			name = Main.storyboard;
			sourceTree = "<group>";
		};
		5C47BA6B1BD2D4FC0022FFD8 /* LaunchScreen.xib */ = {
			isa = PBXVariantGroup;
			children = (
				5C47BA6C1BD2D4FC0022FFD8 /* Base */,
			);
			name = LaunchScreen.xib;
			sourceTree = "<group>";
		};
/* End PBXVariantGroup section */

/* Begin XCBuildConfiguration section */
		5C47BA7A1BD2D4FD0022FFD8 /* Debug */ = {
			isa = XCBuildConfiguration;
			buildSettings = {
				ALWAYS_SEARCH_USER_PATHS = NO;
				CLANG_CXX_LANGUAGE_STANDARD = "gnu++0x";
				CLANG_CXX_LIBRARY = "libc++";
				CLANG_ENABLE_MODULES = YES;
				CLANG_ENABLE_OBJC_ARC = YES;
				CLANG_WARN_BOOL_CONVERSION = YES;
				CLANG_WARN_CONSTANT_CONVERSION = YES;
				CLANG_WARN_DIRECT_OBJC_ISA_USAGE = YES_ERROR;
				CLANG_WARN_EMPTY_BODY = YES;
				CLANG_WARN_ENUM_CONVERSION = YES;
				CLANG_WARN_INT_CONVERSION = YES;
				CLANG_WARN_OBJC_ROOT_CLASS = YES_ERROR;
				CLANG_WARN_UNREACHABLE_CODE = YES;
				CLANG_WARN__DUPLICATE_METHOD_MATCH = YES;
				"CODE_SIGN_IDENTITY[sdk=iphoneos*]" = "iPhone Developer";
				COPY_PHASE_STRIP = NO;
				DEBUG_INFORMATION_FORMAT = "dwarf-with-dsym";
				ENABLE_STRICT_OBJC_MSGSEND = YES;
				GCC_C_LANGUAGE_STANDARD = gnu99;
				GCC_DYNAMIC_NO_PIC = NO;
				GCC_NO_COMMON_BLOCKS = YES;
				GCC_OPTIMIZATION_LEVEL = 0;
				GCC_PREPROCESSOR_DEFINITIONS = (
					"DEBUG=1",
					"$(inherited)",
				);
				GCC_SYMBOLS_PRIVATE_EXTERN = NO;
				GCC_WARN_64_TO_32_BIT_CONVERSION = YES;
				GCC_WARN_ABOUT_RETURN_TYPE = YES_ERROR;
				GCC_WARN_UNDECLARED_SELECTOR = YES;
				GCC_WARN_UNINITIALIZED_AUTOS = YES_AGGRESSIVE;
				GCC_WARN_UNUSED_FUNCTION = YES;
				GCC_WARN_UNUSED_VARIABLE = YES;
				IPHONEOS_DEPLOYMENT_TARGET = 8.4;
				MTL_ENABLE_DEBUG_INFO = YES;
				ONLY_ACTIVE_ARCH = YES;
				SDKROOT = iphoneos;
				SWIFT_OPTIMIZATION_LEVEL = "-Onone";
			};
			name = Debug;
		};
		5C47BA7B1BD2D4FD0022FFD8 /* Release */ = {
			isa = XCBuildConfiguration;
			buildSettings = {
				ALWAYS_SEARCH_USER_PATHS = NO;
				CLANG_CXX_LANGUAGE_STANDARD = "gnu++0x";
				CLANG_CXX_LIBRARY = "libc++";
				CLANG_ENABLE_MODULES = YES;
				CLANG_ENABLE_OBJC_ARC = YES;
				CLANG_WARN_BOOL_CONVERSION = YES;
				CLANG_WARN_CONSTANT_CONVERSION = YES;
				CLANG_WARN_DIRECT_OBJC_ISA_USAGE = YES_ERROR;
				CLANG_WARN_EMPTY_BODY = YES;
				CLANG_WARN_ENUM_CONVERSION = YES;
				CLANG_WARN_INT_CONVERSION = YES;
				CLANG_WARN_OBJC_ROOT_CLASS = YES_ERROR;
				CLANG_WARN_UNREACHABLE_CODE = YES;
				CLANG_WARN__DUPLICATE_METHOD_MATCH = YES;
				"CODE_SIGN_IDENTITY[sdk=iphoneos*]" = "iPhone Developer";
				COPY_PHASE_STRIP = NO;
				DEBUG_INFORMATION_FORMAT = "dwarf-with-dsym";
				ENABLE_NS_ASSERTIONS = NO;
				ENABLE_STRICT_OBJC_MSGSEND = YES;
				GCC_C_LANGUAGE_STANDARD = gnu99;
				GCC_NO_COMMON_BLOCKS = YES;
				GCC_WARN_64_TO_32_BIT_CONVERSION = YES;
				GCC_WARN_ABOUT_RETURN_TYPE = YES_ERROR;
				GCC_WARN_UNDECLARED_SELECTOR = YES;
				GCC_WARN_UNINITIALIZED_AUTOS = YES_AGGRESSIVE;
				GCC_WARN_UNUSED_FUNCTION = YES;
				GCC_WARN_UNUSED_VARIABLE = YES;
				IPHONEOS_DEPLOYMENT_TARGET = 8.4;
				MTL_ENABLE_DEBUG_INFO = NO;
				SDKROOT = iphoneos;
				VALIDATE_PRODUCT = YES;
			};
			name = Release;
		};
		5C47BA7D1BD2D4FD0022FFD8 /* Debug */ = {
			isa = XCBuildConfiguration;
			buildSettings = {
				ASSETCATALOG_COMPILER_APPICON_NAME = AppIcon;
				INFOPLIST_FILE = WRU/Info.plist;
				LD_RUNPATH_SEARCH_PATHS = "$(inherited) @executable_path/Frameworks";
				PRODUCT_NAME = "$(TARGET_NAME)";
			};
			name = Debug;
		};
		5C47BA7E1BD2D4FD0022FFD8 /* Release */ = {
			isa = XCBuildConfiguration;
			buildSettings = {
				ASSETCATALOG_COMPILER_APPICON_NAME = AppIcon;
				INFOPLIST_FILE = WRU/Info.plist;
				LD_RUNPATH_SEARCH_PATHS = "$(inherited) @executable_path/Frameworks";
				PRODUCT_NAME = "$(TARGET_NAME)";
			};
			name = Release;
		};
		5C47BA801BD2D4FD0022FFD8 /* Debug */ = {
			isa = XCBuildConfiguration;
			buildSettings = {
				BUNDLE_LOADER = "$(TEST_HOST)";
				FRAMEWORK_SEARCH_PATHS = (
					"$(SDKROOT)/Developer/Library/Frameworks",
					"$(inherited)",
				);
				GCC_PREPROCESSOR_DEFINITIONS = (
					"DEBUG=1",
					"$(inherited)",
				);
				INFOPLIST_FILE = WRUTests/Info.plist;
				LD_RUNPATH_SEARCH_PATHS = "$(inherited) @executable_path/Frameworks @loader_path/Frameworks";
				PRODUCT_NAME = "$(TARGET_NAME)";
				TEST_HOST = "$(BUILT_PRODUCTS_DIR)/WRU.app/WRU";
			};
			name = Debug;
		};
		5C47BA811BD2D4FD0022FFD8 /* Release */ = {
			isa = XCBuildConfiguration;
			buildSettings = {
				BUNDLE_LOADER = "$(TEST_HOST)";
				FRAMEWORK_SEARCH_PATHS = (
					"$(SDKROOT)/Developer/Library/Frameworks",
					"$(inherited)",
				);
				INFOPLIST_FILE = WRUTests/Info.plist;
				LD_RUNPATH_SEARCH_PATHS = "$(inherited) @executable_path/Frameworks @loader_path/Frameworks";
				PRODUCT_NAME = "$(TARGET_NAME)";
				TEST_HOST = "$(BUILT_PRODUCTS_DIR)/WRU.app/WRU";
			};
			name = Release;
		};
/* End XCBuildConfiguration section */

/* Begin XCConfigurationList section */
		5C47BA581BD2D4FC0022FFD8 /* Build configuration list for PBXProject "WRU" */ = {
			isa = XCConfigurationList;
			buildConfigurations = (
				5C47BA7A1BD2D4FD0022FFD8 /* Debug */,
				5C47BA7B1BD2D4FD0022FFD8 /* Release */,
			);
			defaultConfigurationIsVisible = 0;
			defaultConfigurationName = Release;
		};
		5C47BA7C1BD2D4FD0022FFD8 /* Build configuration list for PBXNativeTarget "WRU" */ = {
			isa = XCConfigurationList;
			buildConfigurations = (
				5C47BA7D1BD2D4FD0022FFD8 /* Debug */,
				5C47BA7E1BD2D4FD0022FFD8 /* Release */,
			);
			defaultConfigurationIsVisible = 0;
		};
		5C47BA7F1BD2D4FD0022FFD8 /* Build configuration list for PBXNativeTarget "WRUTests" */ = {
			isa = XCConfigurationList;
			buildConfigurations = (
				5C47BA801BD2D4FD0022FFD8 /* Debug */,
				5C47BA811BD2D4FD0022FFD8 /* Release */,
			);
			defaultConfigurationIsVisible = 0;
		};
/* End XCConfigurationList section */
	};
	rootObject = 5C47BA551BD2D4FC0022FFD8 /* Project object */;
}
