// !$*UTF8*$!
{
	archiveVersion = 1;
	classes = {
	};
	objectVersion = 46;
	objects = {

/* Begin PBXBuildFile section */
		5CBCEE8F1B9DC687005448CB /* AppDelegate.swift in Sources */ = {isa = PBXBuildFile; fileRef = 5CBCEE8E1B9DC687005448CB /* AppDelegate.swift */; };
		5CBCEE911B9DC687005448CB /* ViewController.swift in Sources */ = {isa = PBXBuildFile; fileRef = 5CBCEE901B9DC687005448CB /* ViewController.swift */; };
		5CBCEE941B9DC687005448CB /* Main.storyboard in Resources */ = {isa = PBXBuildFile; fileRef = 5CBCEE921B9DC687005448CB /* Main.storyboard */; };
		5CBCEE961B9DC687005448CB /* Images.xcassets in Resources */ = {isa = PBXBuildFile; fileRef = 5CBCEE951B9DC687005448CB /* Images.xcassets */; };
		5CBCEE991B9DC687005448CB /* LaunchScreen.xib in Resources */ = {isa = PBXBuildFile; fileRef = 5CBCEE971B9DC687005448CB /* LaunchScreen.xib */; };
		5CBCEEA51B9DC687005448CB /* Count_FingersTests.swift in Sources */ = {isa = PBXBuildFile; fileRef = 5CBCEEA41B9DC687005448CB /* Count_FingersTests.swift */; };
/* End PBXBuildFile section */

/* Begin PBXContainerItemProxy section */
		5CBCEE9F1B9DC687005448CB /* PBXContainerItemProxy */ = {
			isa = PBXContainerItemProxy;
			containerPortal = 5CBCEE811B9DC687005448CB /* Project object */;
			proxyType = 1;
			remoteGlobalIDString = 5CBCEE881B9DC687005448CB;
			remoteInfo = "Count Fingers";
		};
/* End PBXContainerItemProxy section */

/* Begin PBXFileReference section */
		5CBCEE891B9DC687005448CB /* Count Fingers.app */ = {isa = PBXFileReference; explicitFileType = wrapper.application; includeInIndex = 0; path = "Count Fingers.app"; sourceTree = BUILT_PRODUCTS_DIR; };
		5CBCEE8D1B9DC687005448CB /* Info.plist */ = {isa = PBXFileReference; lastKnownFileType = text.plist.xml; path = Info.plist; sourceTree = "<group>"; };
		5CBCEE8E1B9DC687005448CB /* AppDelegate.swift */ = {isa = PBXFileReference; lastKnownFileType = sourcecode.swift; path = AppDelegate.swift; sourceTree = "<group>"; };
		5CBCEE901B9DC687005448CB /* ViewController.swift */ = {isa = PBXFileReference; lastKnownFileType = sourcecode.swift; path = ViewController.swift; sourceTree = "<group>"; };
		5CBCEE931B9DC687005448CB /* Base */ = {isa = PBXFileReference; lastKnownFileType = file.storyboard; name = Base; path = Base.lproj/Main.storyboard; sourceTree = "<group>"; };
		5CBCEE951B9DC687005448CB /* Images.xcassets */ = {isa = PBXFileReference; lastKnownFileType = folder.assetcatalog; path = Images.xcassets; sourceTree = "<group>"; };
		5CBCEE981B9DC687005448CB /* Base */ = {isa = PBXFileReference; lastKnownFileType = file.xib; name = Base; path = Base.lproj/LaunchScreen.xib; sourceTree = "<group>"; };
		5CBCEE9E1B9DC687005448CB /* Count FingersTests.xctest */ = {isa = PBXFileReference; explicitFileType = wrapper.cfbundle; includeInIndex = 0; path = "Count FingersTests.xctest"; sourceTree = BUILT_PRODUCTS_DIR; };
		5CBCEEA31B9DC687005448CB /* Info.plist */ = {isa = PBXFileReference; lastKnownFileType = text.plist.xml; path = Info.plist; sourceTree = "<group>"; };
		5CBCEEA41B9DC687005448CB /* Count_FingersTests.swift */ = {isa = PBXFileReference; lastKnownFileType = sourcecode.swift; path = Count_FingersTests.swift; sourceTree = "<group>"; };
/* End PBXFileReference section */

/* Begin PBXFrameworksBuildPhase section */
		5CBCEE861B9DC687005448CB /* Frameworks */ = {
			isa = PBXFrameworksBuildPhase;
			buildActionMask = 2147483647;
			files = (
			);
			runOnlyForDeploymentPostprocessing = 0;
		};
		5CBCEE9B1B9DC687005448CB /* Frameworks */ = {
			isa = PBXFrameworksBuildPhase;
			buildActionMask = 2147483647;
			files = (
			);
			runOnlyForDeploymentPostprocessing = 0;
		};
/* End PBXFrameworksBuildPhase section */

/* Begin PBXGroup section */
		5CBCEE801B9DC687005448CB = {
			isa = PBXGroup;
			children = (
				5CBCEE8B1B9DC687005448CB /* Count Fingers */,
				5CBCEEA11B9DC687005448CB /* Count FingersTests */,
				5CBCEE8A1B9DC687005448CB /* Products */,
			);
			sourceTree = "<group>";
		};
		5CBCEE8A1B9DC687005448CB /* Products */ = {
			isa = PBXGroup;
			children = (
				5CBCEE891B9DC687005448CB /* Count Fingers.app */,
				5CBCEE9E1B9DC687005448CB /* Count FingersTests.xctest */,
			);
			name = Products;
			sourceTree = "<group>";
		};
		5CBCEE8B1B9DC687005448CB /* Count Fingers */ = {
			isa = PBXGroup;
			children = (
				5CBCEE8E1B9DC687005448CB /* AppDelegate.swift */,
				5CBCEE901B9DC687005448CB /* ViewController.swift */,
				5CBCEE921B9DC687005448CB /* Main.storyboard */,
				5CBCEE951B9DC687005448CB /* Images.xcassets */,
				5CBCEE971B9DC687005448CB /* LaunchScreen.xib */,
				5CBCEE8C1B9DC687005448CB /* Supporting Files */,
			);
			path = "Count Fingers";
			sourceTree = "<group>";
		};
		5CBCEE8C1B9DC687005448CB /* Supporting Files */ = {
			isa = PBXGroup;
			children = (
				5CBCEE8D1B9DC687005448CB /* Info.plist */,
			);
			name = "Supporting Files";
			sourceTree = "<group>";
		};
		5CBCEEA11B9DC687005448CB /* Count FingersTests */ = {
			isa = PBXGroup;
			children = (
				5CBCEEA41B9DC687005448CB /* Count_FingersTests.swift */,
				5CBCEEA21B9DC687005448CB /* Supporting Files */,
			);
			path = "Count FingersTests";
			sourceTree = "<group>";
		};
		5CBCEEA21B9DC687005448CB /* Supporting Files */ = {
			isa = PBXGroup;
			children = (
				5CBCEEA31B9DC687005448CB /* Info.plist */,
			);
			name = "Supporting Files";
			sourceTree = "<group>";
		};
/* End PBXGroup section */

/* Begin PBXNativeTarget section */
		5CBCEE881B9DC687005448CB /* Count Fingers */ = {
			isa = PBXNativeTarget;
			buildConfigurationList = 5CBCEEA81B9DC687005448CB /* Build configuration list for PBXNativeTarget "Count Fingers" */;
			buildPhases = (
				5CBCEE851B9DC687005448CB /* Sources */,
				5CBCEE861B9DC687005448CB /* Frameworks */,
				5CBCEE871B9DC687005448CB /* Resources */,
			);
			buildRules = (
			);
			dependencies = (
			);
			name = "Count Fingers";
			productName = "Count Fingers";
			productReference = 5CBCEE891B9DC687005448CB /* Count Fingers.app */;
			productType = "com.apple.product-type.application";
		};
		5CBCEE9D1B9DC687005448CB /* Count FingersTests */ = {
			isa = PBXNativeTarget;
			buildConfigurationList = 5CBCEEAB1B9DC687005448CB /* Build configuration list for PBXNativeTarget "Count FingersTests" */;
			buildPhases = (
				5CBCEE9A1B9DC687005448CB /* Sources */,
				5CBCEE9B1B9DC687005448CB /* Frameworks */,
				5CBCEE9C1B9DC687005448CB /* Resources */,
			);
			buildRules = (
			);
			dependencies = (
				5CBCEEA01B9DC687005448CB /* PBXTargetDependency */,
			);
			name = "Count FingersTests";
			productName = "Count FingersTests";
			productReference = 5CBCEE9E1B9DC687005448CB /* Count FingersTests.xctest */;
			productType = "com.apple.product-type.bundle.unit-test";
		};
/* End PBXNativeTarget section */

/* Begin PBXProject section */
		5CBCEE811B9DC687005448CB /* Project object */ = {
			isa = PBXProject;
			attributes = {
				LastUpgradeCheck = 0640;
				ORGANIZATIONNAME = countFingers;
				TargetAttributes = {
					5CBCEE881B9DC687005448CB = {
						CreatedOnToolsVersion = 6.4;
					};
					5CBCEE9D1B9DC687005448CB = {
						CreatedOnToolsVersion = 6.4;
						TestTargetID = 5CBCEE881B9DC687005448CB;
					};
				};
			};
			buildConfigurationList = 5CBCEE841B9DC687005448CB /* Build configuration list for PBXProject "Count Fingers" */;
			compatibilityVersion = "Xcode 3.2";
			developmentRegion = English;
			hasScannedForEncodings = 0;
			knownRegions = (
				en,
				Base,
			);
			mainGroup = 5CBCEE801B9DC687005448CB;
			productRefGroup = 5CBCEE8A1B9DC687005448CB /* Products */;
			projectDirPath = "";
			projectRoot = "";
			targets = (
				5CBCEE881B9DC687005448CB /* Count Fingers */,
				5CBCEE9D1B9DC687005448CB /* Count FingersTests */,
			);
		};
/* End PBXProject section */

/* Begin PBXResourcesBuildPhase section */
		5CBCEE871B9DC687005448CB /* Resources */ = {
			isa = PBXResourcesBuildPhase;
			buildActionMask = 2147483647;
			files = (
				5CBCEE941B9DC687005448CB /* Main.storyboard in Resources */,
				5CBCEE991B9DC687005448CB /* LaunchScreen.xib in Resources */,
				5CBCEE961B9DC687005448CB /* Images.xcassets in Resources */,
			);
			runOnlyForDeploymentPostprocessing = 0;
		};
		5CBCEE9C1B9DC687005448CB /* Resources */ = {
			isa = PBXResourcesBuildPhase;
			buildActionMask = 2147483647;
			files = (
			);
			runOnlyForDeploymentPostprocessing = 0;
		};
/* End PBXResourcesBuildPhase section */

/* Begin PBXSourcesBuildPhase section */
		5CBCEE851B9DC687005448CB /* Sources */ = {
			isa = PBXSourcesBuildPhase;
			buildActionMask = 2147483647;
			files = (
				5CBCEE911B9DC687005448CB /* ViewController.swift in Sources */,
				5CBCEE8F1B9DC687005448CB /* AppDelegate.swift in Sources */,
			);
			runOnlyForDeploymentPostprocessing = 0;
		};
		5CBCEE9A1B9DC687005448CB /* Sources */ = {
			isa = PBXSourcesBuildPhase;
			buildActionMask = 2147483647;
			files = (
				5CBCEEA51B9DC687005448CB /* Count_FingersTests.swift in Sources */,
			);
			runOnlyForDeploymentPostprocessing = 0;
		};
/* End PBXSourcesBuildPhase section */

/* Begin PBXTargetDependency section */
		5CBCEEA01B9DC687005448CB /* PBXTargetDependency */ = {
			isa = PBXTargetDependency;
			target = 5CBCEE881B9DC687005448CB /* Count Fingers */;
			targetProxy = 5CBCEE9F1B9DC687005448CB /* PBXContainerItemProxy */;
		};
/* End PBXTargetDependency section */

/* Begin PBXVariantGroup section */
		5CBCEE921B9DC687005448CB /* Main.storyboard */ = {
			isa = PBXVariantGroup;
			children = (
				5CBCEE931B9DC687005448CB /* Base */,
			);
			name = Main.storyboard;
			sourceTree = "<group>";
		};
		5CBCEE971B9DC687005448CB /* LaunchScreen.xib */ = {
			isa = PBXVariantGroup;
			children = (
				5CBCEE981B9DC687005448CB /* Base */,
			);
			name = LaunchScreen.xib;
			sourceTree = "<group>";
		};
/* End PBXVariantGroup section */

/* Begin XCBuildConfiguration section */
		5CBCEEA61B9DC687005448CB /* Debug */ = {
			isa = XCBuildConfiguration;
			buildSettings = {
				ALWAYS_SEARCH_USER_PATHS = NO;
				CLANG_CXX_LANGUAGE_STANDARD = "gnu++0x";
				CLANG_CXX_LIBRARY = "libc++";
				CLANG_ENABLE_MODULES = YES;
				CLANG_ENABLE_OBJC_ARC = YES;
				CLANG_WARN_BOOL_CONVERSION = YES;
				CLANG_WARN_CONSTANT_CONVERSION = YES;
				CLANG_WARN_DIRECT_OBJC_ISA_USAGE = YES_ERROR;
				CLANG_WARN_EMPTY_BODY = YES;
				CLANG_WARN_ENUM_CONVERSION = YES;
				CLANG_WARN_INT_CONVERSION = YES;
				CLANG_WARN_OBJC_ROOT_CLASS = YES_ERROR;
				CLANG_WARN_UNREACHABLE_CODE = YES;
				CLANG_WARN__DUPLICATE_METHOD_MATCH = YES;
				"CODE_SIGN_IDENTITY[sdk=iphoneos*]" = "iPhone Developer";
				COPY_PHASE_STRIP = NO;
				DEBUG_INFORMATION_FORMAT = "dwarf-with-dsym";
				ENABLE_STRICT_OBJC_MSGSEND = YES;
				GCC_C_LANGUAGE_STANDARD = gnu99;
				GCC_DYNAMIC_NO_PIC = NO;
				GCC_NO_COMMON_BLOCKS = YES;
				GCC_OPTIMIZATION_LEVEL = 0;
				GCC_PREPROCESSOR_DEFINITIONS = (
					"DEBUG=1",
					"$(inherited)",
				);
				GCC_SYMBOLS_PRIVATE_EXTERN = NO;
				GCC_WARN_64_TO_32_BIT_CONVERSION = YES;
				GCC_WARN_ABOUT_RETURN_TYPE = YES_ERROR;
				GCC_WARN_UNDECLARED_SELECTOR = YES;
				GCC_WARN_UNINITIALIZED_AUTOS = YES_AGGRESSIVE;
				GCC_WARN_UNUSED_FUNCTION = YES;
				GCC_WARN_UNUSED_VARIABLE = YES;
				IPHONEOS_DEPLOYMENT_TARGET = 8.4;
				MTL_ENABLE_DEBUG_INFO = YES;
				ONLY_ACTIVE_ARCH = YES;
				SDKROOT = iphoneos;
				SWIFT_OPTIMIZATION_LEVEL = "-Onone";
			};
			name = Debug;
		};
		5CBCEEA71B9DC687005448CB /* Release */ = {
			isa = XCBuildConfiguration;
			buildSettings = {
				ALWAYS_SEARCH_USER_PATHS = NO;
				CLANG_CXX_LANGUAGE_STANDARD = "gnu++0x";
				CLANG_CXX_LIBRARY = "libc++";
				CLANG_ENABLE_MODULES = YES;
				CLANG_ENABLE_OBJC_ARC = YES;
				CLANG_WARN_BOOL_CONVERSION = YES;
				CLANG_WARN_CONSTANT_CONVERSION = YES;
				CLANG_WARN_DIRECT_OBJC_ISA_USAGE = YES_ERROR;
				CLANG_WARN_EMPTY_BODY = YES;
				CLANG_WARN_ENUM_CONVERSION = YES;
				CLANG_WARN_INT_CONVERSION = YES;
				CLANG_WARN_OBJC_ROOT_CLASS = YES_ERROR;
				CLANG_WARN_UNREACHABLE_CODE = YES;
				CLANG_WARN__DUPLICATE_METHOD_MATCH = YES;
				"CODE_SIGN_IDENTITY[sdk=iphoneos*]" = "iPhone Developer";
				COPY_PHASE_STRIP = NO;
				DEBUG_INFORMATION_FORMAT = "dwarf-with-dsym";
				ENABLE_NS_ASSERTIONS = NO;
				ENABLE_STRICT_OBJC_MSGSEND = YES;
				GCC_C_LANGUAGE_STANDARD = gnu99;
				GCC_NO_COMMON_BLOCKS = YES;
				GCC_WARN_64_TO_32_BIT_CONVERSION = YES;
				GCC_WARN_ABOUT_RETURN_TYPE = YES_ERROR;
				GCC_WARN_UNDECLARED_SELECTOR = YES;
				GCC_WARN_UNINITIALIZED_AUTOS = YES_AGGRESSIVE;
				GCC_WARN_UNUSED_FUNCTION = YES;
				GCC_WARN_UNUSED_VARIABLE = YES;
				IPHONEOS_DEPLOYMENT_TARGET = 8.4;
				MTL_ENABLE_DEBUG_INFO = NO;
				SDKROOT = iphoneos;
				VALIDATE_PRODUCT = YES;
			};
			name = Release;
		};
		5CBCEEA91B9DC687005448CB /* Debug */ = {
			isa = XCBuildConfiguration;
			buildSettings = {
				ASSETCATALOG_COMPILER_APPICON_NAME = AppIcon;
				INFOPLIST_FILE = "Count Fingers/Info.plist";
				LD_RUNPATH_SEARCH_PATHS = "$(inherited) @executable_path/Frameworks";
				PRODUCT_NAME = "$(TARGET_NAME)";
			};
			name = Debug;
		};
		5CBCEEAA1B9DC687005448CB /* Release */ = {
			isa = XCBuildConfiguration;
			buildSettings = {
				ASSETCATALOG_COMPILER_APPICON_NAME = AppIcon;
				INFOPLIST_FILE = "Count Fingers/Info.plist";
				LD_RUNPATH_SEARCH_PATHS = "$(inherited) @executable_path/Frameworks";
				PRODUCT_NAME = "$(TARGET_NAME)";
			};
			name = Release;
		};
		5CBCEEAC1B9DC687005448CB /* Debug */ = {
			isa = XCBuildConfiguration;
			buildSettings = {
				BUNDLE_LOADER = "$(TEST_HOST)";
				FRAMEWORK_SEARCH_PATHS = (
					"$(SDKROOT)/Developer/Library/Frameworks",
					"$(inherited)",
				);
				GCC_PREPROCESSOR_DEFINITIONS = (
					"DEBUG=1",
					"$(inherited)",
				);
				INFOPLIST_FILE = "Count FingersTests/Info.plist";
				LD_RUNPATH_SEARCH_PATHS = "$(inherited) @executable_path/Frameworks @loader_path/Frameworks";
				PRODUCT_NAME = "$(TARGET_NAME)";
				TEST_HOST = "$(BUILT_PRODUCTS_DIR)/Count Fingers.app/Count Fingers";
			};
			name = Debug;
		};
		5CBCEEAD1B9DC687005448CB /* Release */ = {
			isa = XCBuildConfiguration;
			buildSettings = {
				BUNDLE_LOADER = "$(TEST_HOST)";
				FRAMEWORK_SEARCH_PATHS = (
					"$(SDKROOT)/Developer/Library/Frameworks",
					"$(inherited)",
				);
				INFOPLIST_FILE = "Count FingersTests/Info.plist";
				LD_RUNPATH_SEARCH_PATHS = "$(inherited) @executable_path/Frameworks @loader_path/Frameworks";
				PRODUCT_NAME = "$(TARGET_NAME)";
				TEST_HOST = "$(BUILT_PRODUCTS_DIR)/Count Fingers.app/Count Fingers";
			};
			name = Release;
		};
/* End XCBuildConfiguration section */

/* Begin XCConfigurationList section */
		5CBCEE841B9DC687005448CB /* Build configuration list for PBXProject "Count Fingers" */ = {
			isa = XCConfigurationList;
			buildConfigurations = (
				5CBCEEA61B9DC687005448CB /* Debug */,
				5CBCEEA71B9DC687005448CB /* Release */,
			);
			defaultConfigurationIsVisible = 0;
			defaultConfigurationName = Release;
		};
		5CBCEEA81B9DC687005448CB /* Build configuration list for PBXNativeTarget "Count Fingers" */ = {
			isa = XCConfigurationList;
			buildConfigurations = (
				5CBCEEA91B9DC687005448CB /* Debug */,
				5CBCEEAA1B9DC687005448CB /* Release */,
			);
			defaultConfigurationIsVisible = 0;
		};
		5CBCEEAB1B9DC687005448CB /* Build configuration list for PBXNativeTarget "Count FingersTests" */ = {
			isa = XCConfigurationList;
			buildConfigurations = (
				5CBCEEAC1B9DC687005448CB /* Debug */,
				5CBCEEAD1B9DC687005448CB /* Release */,
			);
			defaultConfigurationIsVisible = 0;
		};
/* End XCConfigurationList section */
	};
	rootObject = 5CBCEE811B9DC687005448CB /* Project object */;
}
